
Microsoft Visual Studio Solution File, Format Version 12.00
# Visual Studio 15
Project("{FAE04EC0-301F-11D3-BF4B-00C04F79EFBC}") = "Organya", "Organya\Organya.csproj", "{93ADAE43-706D-4FCE-8BD9-0E084816456C}"
EndProject
Project("{FAE04EC0-301F-11D3-BF4B-00C04F79EFBC}") = "Organya.Converter", "Organya.Converter\Organya.Converter.csproj", "{234F849E-A935-4B96-8B09-B7F9147A7354}"
EndProject
Project("{FAE04EC0-301F-11D3-BF4B-00C04F79EFBC}") = "Organya.IO", "Organya.IO\Organya.IO.csproj", "{60148EC7-B29B-4321-B7F3-ED2783295508}"
EndProject
Global
	GlobalSection(SolutionConfigurationPlatforms) = preSolution
		Debug|Any CPU = Debug|Any CPU
		Release|Any CPU = Release|Any CPU
	EndGlobalSection
	GlobalSection(ProjectConfigurationPlatforms) = postSolution
		{93ADAE43-706D-4FCE-8BD9-0E084816456C}.Debug|Any CPU.ActiveCfg = Debug|Any CPU
		{93ADAE43-706D-4FCE-8BD9-0E084816456C}.Debug|Any CPU.Build.0 = Debug|Any CPU
		{93ADAE43-706D-4FCE-8BD9-0E084816456C}.Release|Any CPU.ActiveCfg = Release|Any CPU
		{93ADAE43-706D-4FCE-8BD9-0E084816456C}.Release|Any CPU.Build.0 = Release|Any CPU
		{234F849E-A935-4B96-8B09-B7F9147A7354}.Debug|Any CPU.ActiveCfg = Debug|Any CPU
		{234F849E-A935-4B96-8B09-B7F9147A7354}.Debug|Any CPU.Build.0 = Debug|Any CPU
		{234F849E-A935-4B96-8B09-B7F9147A7354}.Release|Any CPU.ActiveCfg = Release|Any CPU
		{234F849E-A935-4B96-8B09-B7F9147A7354}.Release|Any CPU.Build.0 = Release|Any CPU
		{60148EC7-B29B-4321-B7F3-ED2783295508}.Debug|Any CPU.ActiveCfg = Debug|Any CPU
		{60148EC7-B29B-4321-B7F3-ED2783295508}.Debug|Any CPU.Build.0 = Debug|Any CPU
		{60148EC7-B29B-4321-B7F3-ED2783295508}.Release|Any CPU.ActiveCfg = Release|Any CPU
		{60148EC7-B29B-4321-B7F3-ED2783295508}.Release|Any CPU.Build.0 = Release|Any CPU
	EndGlobalSection
EndGlobal
